speakeasyVersion: 1.596.0
sources:
    OWASP Nest API:
        sourceNamespace: owasp-nest-api
        sourceRevisionDigest: sha256:7238bee4622f03b977d49ae68e78829a8c6889209d14a89c6afd75a1dbacc4ff
        sourceBlobDigest: sha256:ed2502436cce4ca5051efd91d642367ca5425614cf5d8bc2690cdb503b8f932a
        tags:
            - latest
            - speakeasy-sdk-regen-1754072556
            - 1.0.0
targets:
    nest-api:
        source: OWASP Nest API
        sourceNamespace: owasp-nest-api
        sourceRevisionDigest: sha256:7238bee4622f03b977d49ae68e78829a8c6889209d14a89c6afd75a1dbacc4ff
        sourceBlobDigest: sha256:ed2502436cce4ca5051efd91d642367ca5425614cf5d8bc2690cdb503b8f932a
workflow:
    workflowVersion: 1.0.0
    speakeasyVersion: latest
    sources:
        OWASP Nest API:
            inputs:
                - location: backend/openapi.json
            output: .speakeasy/out.openapi.yaml
            registry:
                location: registry.speakeasyapi.dev/owasp/nest/owasp-nest-api
    targets:
        nest-api:
            target: python
            source: OWASP Nest API
            output: sdk
            codeSamples:
                registry:
                    location: registry.speakeasyapi.dev/abhayymishraa/nest/nest-api-python-sdk-code-samples
                labelOverride:
                    fixedValue: Python (SDK)
                blocking: false
